
Microsoft Visual Studio Solution File, Format Version 12.00
# Visual Studio Version 16
VisualStudioVersion = 16.0.30114.105
MinimumVisualStudioVersion = 10.0.40219.1
Project("{2150E333-8FDC-42A3-9474-1A3956D46DE8}") = "src", "src", "{92DA37AA-AF1A-43CD-8C08-298D570E1F9F}"
EndProject
Project("{9A19103F-16F7-4668-BE54-9A1E7A4F7556}") = "CitasMedicas.Api", "src\CitasMedicas.Api\CitasMedicas.Api.csproj", "{F9512761-B801-4CED-9DDB-3C23F88907D4}"
EndProject
Project("{FAE04EC0-301F-11D3-BF4B-00C04F79EFBC}") = "CitasMedicas.DataAccess", "CitasMedicas.DataAccess\CitasMedicas.DataAccess.csproj", "{ABC1D665-5E6B-40F7-8DB5-D1427C1AB866}"
EndProject
Project("{FAE04EC0-301F-11D3-BF4B-00C04F79EFBC}") = "CitasMedicas.Models", "CitasMedicas.Models\CitasMedicas.Models.csproj", "{7EDE9602-7097-4DBC-B13B-C861E6F83991}"
EndProject
Global
	GlobalSection(SolutionConfigurationPlatforms) = preSolution
		Debug|Any CPU = Debug|Any CPU
		Debug|x64 = Debug|x64
		Debug|x86 = Debug|x86
		Release|Any CPU = Release|Any CPU
		Release|x64 = Release|x64
		Release|x86 = Release|x86
	EndGlobalSection
	GlobalSection(ProjectConfigurationPlatforms) = postSolution
		{F9512761-B801-4CED-9DDB-3C23F88907D4}.Debug|Any CPU.ActiveCfg = Debug|Any CPU
		{F9512761-B801-4CED-9DDB-3C23F88907D4}.Debug|Any CPU.Build.0 = Debug|Any CPU
		{F9512761-B801-4CED-9DDB-3C23F88907D4}.Debug|x64.ActiveCfg = Debug|Any CPU
		{F9512761-B801-4CED-9DDB-3C23F88907D4}.Debug|x64.Build.0 = Debug|Any CPU
		{F9512761-B801-4CED-9DDB-3C23F88907D4}.Debug|x86.ActiveCfg = Debug|Any CPU
		{F9512761-B801-4CED-9DDB-3C23F88907D4}.Debug|x86.Build.0 = Debug|Any CPU
		{F9512761-B801-4CED-9DDB-3C23F88907D4}.Release|Any CPU.ActiveCfg = Release|Any CPU
		{F9512761-B801-4CED-9DDB-3C23F88907D4}.Release|Any CPU.Build.0 = Release|Any CPU
		{F9512761-B801-4CED-9DDB-3C23F88907D4}.Release|x64.ActiveCfg = Release|Any CPU
		{F9512761-B801-4CED-9DDB-3C23F88907D4}.Release|x64.Build.0 = Release|Any CPU
		{F9512761-B801-4CED-9DDB-3C23F88907D4}.Release|x86.ActiveCfg = Release|Any CPU
		{F9512761-B801-4CED-9DDB-3C23F88907D4}.Release|x86.Build.0 = Release|Any CPU
		{ABC1D665-5E6B-40F7-8DB5-D1427C1AB866}.Debug|Any CPU.ActiveCfg = Debug|Any CPU
		{ABC1D665-5E6B-40F7-8DB5-D1427C1AB866}.Debug|Any CPU.Build.0 = Debug|Any CPU
		{ABC1D665-5E6B-40F7-8DB5-D1427C1AB866}.Debug|x64.ActiveCfg = Debug|Any CPU
		{ABC1D665-5E6B-40F7-8DB5-D1427C1AB866}.Debug|x64.Build.0 = Debug|Any CPU
		{ABC1D665-5E6B-40F7-8DB5-D1427C1AB866}.Debug|x86.ActiveCfg = Debug|Any CPU
		{ABC1D665-5E6B-40F7-8DB5-D1427C1AB866}.Debug|x86.Build.0 = Debug|Any CPU
		{ABC1D665-5E6B-40F7-8DB5-D1427C1AB866}.Release|Any CPU.ActiveCfg = Release|Any CPU
		{ABC1D665-5E6B-40F7-8DB5-D1427C1AB866}.Release|Any CPU.Build.0 = Release|Any CPU
		{ABC1D665-5E6B-40F7-8DB5-D1427C1AB866}.Release|x64.ActiveCfg = Release|Any CPU
		{ABC1D665-5E6B-40F7-8DB5-D1427C1AB866}.Release|x64.Build.0 = Release|Any CPU
		{ABC1D665-5E6B-40F7-8DB5-D1427C1AB866}.Release|x86.ActiveCfg = Release|Any CPU
		{ABC1D665-5E6B-40F7-8DB5-D1427C1AB866}.Release|x86.Build.0 = Release|Any CPU
		{7EDE9602-7097-4DBC-B13B-C861E6F83991}.Debug|Any CPU.ActiveCfg = Debug|Any CPU
		{7EDE9602-7097-4DBC-B13B-C861E6F83991}.Debug|Any CPU.Build.0 = Debug|Any CPU
		{7EDE9602-7097-4DBC-B13B-C861E6F83991}.Debug|x64.ActiveCfg = Debug|Any CPU
		{7EDE9602-7097-4DBC-B13B-C861E6F83991}.Debug|x64.Build.0 = Debug|Any CPU
		{7EDE9602-7097-4DBC-B13B-C861E6F83991}.Debug|x86.ActiveCfg = Debug|Any CPU
		{7EDE9602-7097-4DBC-B13B-C861E6F83991}.Debug|x86.Build.0 = Debug|Any CPU
		{7EDE9602-7097-4DBC-B13B-C861E6F83991}.Release|Any CPU.ActiveCfg = Release|Any CPU
		{7EDE9602-7097-4DBC-B13B-C861E6F83991}.Release|Any CPU.Build.0 = Release|Any CPU
		{7EDE9602-7097-4DBC-B13B-C861E6F83991}.Release|x64.ActiveCfg = Release|Any CPU
		{7EDE9602-7097-4DBC-B13B-C861E6F83991}.Release|x64.Build.0 = Release|Any CPU
		{7EDE9602-7097-4DBC-B13B-C861E6F83991}.Release|x86.ActiveCfg = Release|Any CPU
		{7EDE9602-7097-4DBC-B13B-C861E6F83991}.Release|x86.Build.0 = Release|Any CPU
	EndGlobalSection
	GlobalSection(SolutionProperties) = preSolution
		HideSolutionNode = FALSE
	EndGlobalSection
	GlobalSection(NestedProjects) = preSolution
		{F9512761-B801-4CED-9DDB-3C23F88907D4} = {92DA37AA-AF1A-43CD-8C08-298D570E1F9F}
		{ABC1D665-5E6B-40F7-8DB5-D1427C1AB866} = {92DA37AA-AF1A-43CD-8C08-298D570E1F9F}
		{7EDE9602-7097-4DBC-B13B-C861E6F83991} = {92DA37AA-AF1A-43CD-8C08-298D570E1F9F}
	EndGlobalSection
	GlobalSection(ExtensibilityGlobals) = postSolution
		SolutionGuid = {88081311-8D12-4DAB-821B-1EC169A72F0D}
	EndGlobalSection
EndGlobal
